
Microsoft Visual Studio Solution File, Format Version 12.00
# Visual Studio 15
VisualStudioVersion = 15.0.27130.2036
MinimumVisualStudioVersion = 10.0.40219.1
Project("{9A19103F-16F7-4668-BE54-9A1E7A4F7556}") = "VaultTest", "VaultTest\VaultTest.csproj", "{1494AA5B-A322-475C-B00B-08A67D5EFFEE}"
EndProject
Global
	GlobalSection(SolutionConfigurationPlatforms) = preSolution
		Debug|Any CPU = Debug|Any CPU
		Release|Any CPU = Release|Any CPU
	EndGlobalSection
	GlobalSection(ProjectConfigurationPlatforms) = postSolution
		{1494AA5B-A322-475C-B00B-08A67D5EFFEE}.Debug|Any CPU.ActiveCfg = Debug|Any CPU
		{1494AA5B-A322-475C-B00B-08A67D5EFFEE}.Debug|Any CPU.Build.0 = Debug|Any CPU
		{1494AA5B-A322-475C-B00B-08A67D5EFFEE}.Release|Any CPU.ActiveCfg = Release|Any CPU
		{1494AA5B-A322-475C-B00B-08A67D5EFFEE}.Release|Any CPU.Build.0 = Release|Any CPU
	EndGlobalSection
	GlobalSection(SolutionProperties) = preSolution
		HideSolutionNode = FALSE
	EndGlobalSection
	GlobalSection(ExtensibilityGlobals) = postSolution
		SolutionGuid = {836D57AC-6A6B-45D2-B007-1790C2C495F4}
	EndGlobalSection
EndGlobal
